DEPENDENCIES
  java
  simple-logstash
    path: .
    metadata: true
  test-logstash
    path: test/fixtures/cookbooks/test-logstash

GRAPH
  7-zip (1.0.2)
    windows (>= 1.2.2)
  ark (0.9.0)
    7-zip (>= 0.0.0)
    windows (>= 0.0.0)
  build-essential (2.2.2)
  chef_handler (1.1.6)
  java (1.29.0)
  runit (1.5.18)
    build-essential (>= 0.0.0)
    yum (~> 3.0)
    yum-epel (>= 0.0.0)
  simple-logstash (0.2.3)
    ark (>= 0.0.0)
    runit (>= 0.0.0)
  test-logstash (0.0.0)
    java (>= 0.0.0)
    simple-logstash (>= 0.0.0)
  windows (1.36.1)
    chef_handler (>= 0.0.0)
  yum (3.5.4)
  yum-epel (0.6.0)
    yum (~> 3.0)
